
Microsoft Visual Studio Solution File, Format Version 12.00
# Visual Studio Version 17
VisualStudioVersion = 17.1.32319.34
MinimumVisualStudioVersion = 10.0.40219.1
Project("{FAE04EC0-301F-11D3-BF4B-00C04F79EFBC}") = "Easy", "Easy\Easy.csproj", "{7D84CE82-2B75-453C-8359-1579CA1682A2}"
EndProject
Project("{FAE04EC0-301F-11D3-BF4B-00C04F79EFBC}") = "TestEasy.UnitTests", "TestEasy.UnitTests\TestEasy.UnitTests.csproj", "{2A3313F7-9C29-40A6-A54D-62A5FC63C4D7}"
EndProject
Project("{9A19103F-16F7-4668-BE54-9A1E7A4F7556}") = "Medium", "Medium\Medium.csproj", "{C489C7E5-F549-4FC0-A81A-3947C98BCA3B}"
EndProject
Global
	GlobalSection(SolutionConfigurationPlatforms) = preSolution
		Debug|Any CPU = Debug|Any CPU
		Release|Any CPU = Release|Any CPU
	EndGlobalSection
	GlobalSection(ProjectConfigurationPlatforms) = postSolution
		{7D84CE82-2B75-453C-8359-1579CA1682A2}.Debug|Any CPU.ActiveCfg = Debug|Any CPU
		{7D84CE82-2B75-453C-8359-1579CA1682A2}.Debug|Any CPU.Build.0 = Debug|Any CPU
		{7D84CE82-2B75-453C-8359-1579CA1682A2}.Release|Any CPU.ActiveCfg = Release|Any CPU
		{7D84CE82-2B75-453C-8359-1579CA1682A2}.Release|Any CPU.Build.0 = Release|Any CPU
		{2A3313F7-9C29-40A6-A54D-62A5FC63C4D7}.Debug|Any CPU.ActiveCfg = Debug|Any CPU
		{2A3313F7-9C29-40A6-A54D-62A5FC63C4D7}.Debug|Any CPU.Build.0 = Debug|Any CPU
		{2A3313F7-9C29-40A6-A54D-62A5FC63C4D7}.Release|Any CPU.ActiveCfg = Release|Any CPU
		{2A3313F7-9C29-40A6-A54D-62A5FC63C4D7}.Release|Any CPU.Build.0 = Release|Any CPU
		{C489C7E5-F549-4FC0-A81A-3947C98BCA3B}.Debug|Any CPU.ActiveCfg = Debug|Any CPU
		{C489C7E5-F549-4FC0-A81A-3947C98BCA3B}.Debug|Any CPU.Build.0 = Debug|Any CPU
		{C489C7E5-F549-4FC0-A81A-3947C98BCA3B}.Release|Any CPU.ActiveCfg = Release|Any CPU
		{C489C7E5-F549-4FC0-A81A-3947C98BCA3B}.Release|Any CPU.Build.0 = Release|Any CPU
	EndGlobalSection
	GlobalSection(SolutionProperties) = preSolution
		HideSolutionNode = FALSE
	EndGlobalSection
	GlobalSection(ExtensibilityGlobals) = postSolution
		SolutionGuid = {7DA84E11-2294-4C6C-B31F-41F29E213772}
	EndGlobalSection
EndGlobal
